Microsoft Visual Studio Solution File, Format Version 12.00
# Visual Studio Version 17
VisualStudioVersion = 17.5.2.0
MinimumVisualStudioVersion = 10.0.40219.1
Project("{2150E333-8FDC-42A3-9474-1A3956D46DE8}") = "webapp", "webapp", "{7E50A06F-A38B-7BE7-1137-409223B8AEF0}"
EndProject
Project("{FAE04EC0-301F-11D3-BF4B-00C04F79EFBC}") = "MrPumpkin.Web", "webapp\MrPumpkin.Web\MrPumpkin.Web.csproj", "{42B1D2C8-F980-EC0B-E3B4-5877CE43BD8E}"
EndProject
Global
	GlobalSection(SolutionConfigurationPlatforms) = preSolution
		Debug|Any CPU = Debug|Any CPU
		Release|Any CPU = Release|Any CPU
	EndGlobalSection
	GlobalSection(ProjectConfigurationPlatforms) = postSolution
		{42B1D2C8-F980-EC0B-E3B4-5877CE43BD8E}.Debug|Any CPU.ActiveCfg = Debug|Any CPU
		{42B1D2C8-F980-EC0B-E3B4-5877CE43BD8E}.Debug|Any CPU.Build.0 = Debug|Any CPU
		{42B1D2C8-F980-EC0B-E3B4-5877CE43BD8E}.Release|Any CPU.ActiveCfg = Release|Any CPU
		{42B1D2C8-F980-EC0B-E3B4-5877CE43BD8E}.Release|Any CPU.Build.0 = Release|Any CPU
	EndGlobalSection
	GlobalSection(SolutionProperties) = preSolution
		HideSolutionNode = FALSE
	EndGlobalSection
	GlobalSection(NestedProjects) = preSolution
		{42B1D2C8-F980-EC0B-E3B4-5877CE43BD8E} = {7E50A06F-A38B-7BE7-1137-409223B8AEF0}
	EndGlobalSection
	GlobalSection(ExtensibilityGlobals) = postSolution
		SolutionGuid = {74D2F90D-8DDC-4BFE-AB75-08E1EC1C3002}
	EndGlobalSection
EndGlobal
